
Microsoft Visual Studio Solution File, Format Version 12.00
# Visual Studio Version 17
VisualStudioVersion = 17.1.32228.430
MinimumVisualStudioVersion = 10.0.40219.1
Project("{2150E333-8FDC-42A3-9474-1A3956D46DE8}") = "2-Purpose", "2-Purpose", "{71A1F002-6B30-4064-B575-AF081D142F6C}"
EndProject
Project("{FAE04EC0-301F-11D3-BF4B-00C04F79EFBC}") = "Intro", "GettingStarted\Intro.csproj", "{A6B53B87-ACD7-474E-9B08-706AB9BA9A34}"
EndProject
Project("{2150E333-8FDC-42A3-9474-1A3956D46DE8}") = "7-Linq to DataTable", "7-Linq to DataTable", "{D572CC0F-3AD9-4252-B3C2-62B723605418}"
EndProject
Project("{2150E333-8FDC-42A3-9474-1A3956D46DE8}") = "6-Linq to Collection", "6-Linq to Collection", "{16FE4647-898A-486C-998A-755606AC66EB}"
EndProject
Project("{FAE04EC0-301F-11D3-BF4B-00C04F79EFBC}") = "LinqToCollection", "LinqToCollection\LinqToCollection.csproj", "{D86C5E22-645C-419D-80BE-2D6BD627C150}"
EndProject
Project("{2150E333-8FDC-42A3-9474-1A3956D46DE8}") = "8-Linq to XML", "8-Linq to XML", "{1B0CE5FD-148A-4EA8-9A83-821A0E2B7EE3}"
EndProject
Project("{FAE04EC0-301F-11D3-BF4B-00C04F79EFBC}") = "XMLINQ", "XMLINQ\XMLINQ.csproj", "{73C04BAE-232F-46FE-AB4C-C701C23C03A1}"
EndProject
Project("{FAE04EC0-301F-11D3-BF4B-00C04F79EFBC}") = "SortData", "SortData\SortData.csproj", "{14D024F5-0EB3-494F-B9A3-69BD30F4A92D}"
EndProject
Project("{2150E333-8FDC-42A3-9474-1A3956D46DE8}") = "4-WaysOfWritingQuery", "4-WaysOfWritingQuery", "{B8773247-6519-48FC-81D2-E2BC51BEA6FD}"
EndProject
Project("{FAE04EC0-301F-11D3-BF4B-00C04F79EFBC}") = "1-QuerySyntax", "MethodVsQuery\1-QuerySyntax.csproj", "{05EA9499-398A-411D-86E2-F834E2500681}"
EndProject
Project("{2150E333-8FDC-42A3-9474-1A3956D46DE8}") = "5-WaysofExecutionQuery", "5-WaysofExecutionQuery", "{3F6EF2E7-C927-47A4-B5CE-51C086F87402}"
EndProject
Project("{FAE04EC0-301F-11D3-BF4B-00C04F79EFBC}") = "1-DeferredExecution", "DeferredvsImmediate\1-DeferredExecution.csproj", "{68D602BB-9477-41FE-BA92-D2BE5A5E199C}"
EndProject
Project("{FAE04EC0-301F-11D3-BF4B-00C04F79EFBC}") = "2-Declarative", "Declarative\2-Declarative.csproj", "{0E4EC203-6ECB-4E52-83DA-B3612114226F}"
EndProject
Project("{2150E333-8FDC-42A3-9474-1A3956D46DE8}") = "3-Syntax", "3-Syntax", "{0DCA0305-33CB-472B-983C-E7D99792F42C}"
EndProject
Project("{FAE04EC0-301F-11D3-BF4B-00C04F79EFBC}") = "1-End-Select", "LINQSyntax\1-End-Select.csproj", "{2F47DADB-A153-4365-9208-287758A3FB48}"
EndProject
Project("{FAE04EC0-301F-11D3-BF4B-00C04F79EFBC}") = "2-End-Group", "LinqSyntax-2\2-End-Group.csproj", "{3B89C862-4B71-4E90-A905-72180B23788B}"
EndProject
Project("{FAE04EC0-301F-11D3-BF4B-00C04F79EFBC}") = "2-MethodSyntax", "MethodSyntax\2-MethodSyntax.csproj", "{A199CA44-FAC4-4F3E-AC22-5EEE4458522F}"
EndProject
Project("{FAE04EC0-301F-11D3-BF4B-00C04F79EFBC}") = "2-ImmediateExecution", "ImmediateExecution\2-ImmediateExecution.csproj", "{3132A452-029B-45FC-9CB6-C54FC6B642B8}"
EndProject
Project("{2150E333-8FDC-42A3-9474-1A3956D46DE8}") = "Why", "Why", "{F56BE463-B1AB-4AC0-8A0B-E9FAA7FDD2ED}"
EndProject
Project("{FAE04EC0-301F-11D3-BF4B-00C04F79EFBC}") = "LinqToDataTable", "LinqToDataTable\LinqToDataTable.csproj", "{ECFA6EFF-7B5A-461C-BBE9-68289A36DAEB}"
EndProject
Project("{FAE04EC0-301F-11D3-BF4B-00C04F79EFBC}") = "3-Additional Clause (Where)", "AdditionalClause\3-Additional Clause (Where).csproj", "{0AF4F981-AB8B-4A9B-AC0D-D2679CB53662}"
EndProject
Project("{9A19103F-16F7-4668-BE54-9A1E7A4F7556}") = "EvenOdd", "EvenOdd\EvenOdd.csproj", "{173B98B7-7257-4EE2-AD35-EEB3406E717E}"
EndProject
Project("{2150E333-8FDC-42A3-9474-1A3956D46DE8}") = "Others", "Others", "{9BA2D8AA-3DBD-4501-A3C3-1C5E41A10EF0}"
EndProject
Project("{9A19103F-16F7-4668-BE54-9A1E7A4F7556}") = "others-let", "others-let\others-let.csproj", "{8D4D8A8D-4A8D-4DAB-AE75-4D9A935DF66E}"
EndProject
Project("{9A19103F-16F7-4668-BE54-9A1E7A4F7556}") = "Problem1", "Problem1\Problem1.csproj", "{367C67E7-0D17-4F65-ABFD-2083A1115B39}"
EndProject
Project("{9A19103F-16F7-4668-BE54-9A1E7A4F7556}") = "SetOperator", "SetOperator\SetOperator.csproj", "{3F37D363-2E99-47C3-843B-14BFF9B6CDB4}"
EndProject
Project("{9A19103F-16F7-4668-BE54-9A1E7A4F7556}") = "LINQ.Remote", "LINQ.Remote\LINQ.Remote.csproj", "{469AA8C1-8237-4F00-AF4A-73BBD90F6C84}"
EndProject
Project("{9A19103F-16F7-4668-BE54-9A1E7A4F7556}") = "EnumerableVsQuerable", "EnumerableVsQuerable\EnumerableVsQuerable.csproj", "{20A48074-2024-4F29-A3C6-BAAD3D32F7D6}"
EndProject
Project("{2150E333-8FDC-42A3-9474-1A3956D46DE8}") = "Elements", "Elements", "{9488D448-DC2D-46B5-ABF0-40DDB9B18573}"
EndProject
Project("{FAE04EC0-301F-11D3-BF4B-00C04F79EFBC}") = "FirstDefault", "FirstDefault\FirstDefault.csproj", "{4206365B-93E8-4EA8-AA14-D344B1A225B3}"
EndProject
Project("{FAE04EC0-301F-11D3-BF4B-00C04F79EFBC}") = "LastDefault", "LastDefault\LastDefault.csproj", "{9A18F8ED-288B-4B26-B690-6368C835312D}"
EndProject
Project("{FAE04EC0-301F-11D3-BF4B-00C04F79EFBC}") = "SingleDefault", "SingleDefault\SingleDefault.csproj", "{C4293BD4-5FE5-4F4D-BAAF-6B6CE99C590D}"
EndProject
Project("{2150E333-8FDC-42A3-9474-1A3956D46DE8}") = "Script", "Script", "{B8EC26DD-7205-47E4-B44F-839A8AA19F8B}"
	ProjectSection(SolutionItems) = preProject
		Script.txt = Script.txt
	EndProjectSection
EndProject
Global
	GlobalSection(SolutionConfigurationPlatforms) = preSolution
		Debug|Any CPU = Debug|Any CPU
		Release|Any CPU = Release|Any CPU
	EndGlobalSection
	GlobalSection(ProjectConfigurationPlatforms) = postSolution
		{A6B53B87-ACD7-474E-9B08-706AB9BA9A34}.Debug|Any CPU.ActiveCfg = Debug|Any CPU
		{A6B53B87-ACD7-474E-9B08-706AB9BA9A34}.Debug|Any CPU.Build.0 = Debug|Any CPU
		{A6B53B87-ACD7-474E-9B08-706AB9BA9A34}.Release|Any CPU.ActiveCfg = Release|Any CPU
		{A6B53B87-ACD7-474E-9B08-706AB9BA9A34}.Release|Any CPU.Build.0 = Release|Any CPU
		{D86C5E22-645C-419D-80BE-2D6BD627C150}.Debug|Any CPU.ActiveCfg = Debug|Any CPU
		{D86C5E22-645C-419D-80BE-2D6BD627C150}.Debug|Any CPU.Build.0 = Debug|Any CPU
		{D86C5E22-645C-419D-80BE-2D6BD627C150}.Release|Any CPU.ActiveCfg = Release|Any CPU
		{D86C5E22-645C-419D-80BE-2D6BD627C150}.Release|Any CPU.Build.0 = Release|Any CPU
		{73C04BAE-232F-46FE-AB4C-C701C23C03A1}.Debug|Any CPU.ActiveCfg = Debug|Any CPU
		{73C04BAE-232F-46FE-AB4C-C701C23C03A1}.Debug|Any CPU.Build.0 = Debug|Any CPU
		{73C04BAE-232F-46FE-AB4C-C701C23C03A1}.Release|Any CPU.ActiveCfg = Release|Any CPU
		{73C04BAE-232F-46FE-AB4C-C701C23C03A1}.Release|Any CPU.Build.0 = Release|Any CPU
		{14D024F5-0EB3-494F-B9A3-69BD30F4A92D}.Debug|Any CPU.ActiveCfg = Debug|Any CPU
		{14D024F5-0EB3-494F-B9A3-69BD30F4A92D}.Debug|Any CPU.Build.0 = Debug|Any CPU
		{14D024F5-0EB3-494F-B9A3-69BD30F4A92D}.Release|Any CPU.ActiveCfg = Release|Any CPU
		{14D024F5-0EB3-494F-B9A3-69BD30F4A92D}.Release|Any CPU.Build.0 = Release|Any CPU
		{05EA9499-398A-411D-86E2-F834E2500681}.Debug|Any CPU.ActiveCfg = Debug|Any CPU
		{05EA9499-398A-411D-86E2-F834E2500681}.Debug|Any CPU.Build.0 = Debug|Any CPU
		{05EA9499-398A-411D-86E2-F834E2500681}.Release|Any CPU.ActiveCfg = Release|Any CPU
		{05EA9499-398A-411D-86E2-F834E2500681}.Release|Any CPU.Build.0 = Release|Any CPU
		{68D602BB-9477-41FE-BA92-D2BE5A5E199C}.Debug|Any CPU.ActiveCfg = Debug|Any CPU
		{68D602BB-9477-41FE-BA92-D2BE5A5E199C}.Debug|Any CPU.Build.0 = Debug|Any CPU
		{68D602BB-9477-41FE-BA92-D2BE5A5E199C}.Release|Any CPU.ActiveCfg = Release|Any CPU
		{68D602BB-9477-41FE-BA92-D2BE5A5E199C}.Release|Any CPU.Build.0 = Release|Any CPU
		{0E4EC203-6ECB-4E52-83DA-B3612114226F}.Debug|Any CPU.ActiveCfg = Debug|Any CPU
		{0E4EC203-6ECB-4E52-83DA-B3612114226F}.Debug|Any CPU.Build.0 = Debug|Any CPU
		{0E4EC203-6ECB-4E52-83DA-B3612114226F}.Release|Any CPU.ActiveCfg = Release|Any CPU
		{0E4EC203-6ECB-4E52-83DA-B3612114226F}.Release|Any CPU.Build.0 = Release|Any CPU
		{2F47DADB-A153-4365-9208-287758A3FB48}.Debug|Any CPU.ActiveCfg = Debug|Any CPU
		{2F47DADB-A153-4365-9208-287758A3FB48}.Debug|Any CPU.Build.0 = Debug|Any CPU
		{2F47DADB-A153-4365-9208-287758A3FB48}.Release|Any CPU.ActiveCfg = Release|Any CPU
		{2F47DADB-A153-4365-9208-287758A3FB48}.Release|Any CPU.Build.0 = Release|Any CPU
		{3B89C862-4B71-4E90-A905-72180B23788B}.Debug|Any CPU.ActiveCfg = Debug|Any CPU
		{3B89C862-4B71-4E90-A905-72180B23788B}.Debug|Any CPU.Build.0 = Debug|Any CPU
		{3B89C862-4B71-4E90-A905-72180B23788B}.Release|Any CPU.ActiveCfg = Release|Any CPU
		{3B89C862-4B71-4E90-A905-72180B23788B}.Release|Any CPU.Build.0 = Release|Any CPU
		{A199CA44-FAC4-4F3E-AC22-5EEE4458522F}.Debug|Any CPU.ActiveCfg = Debug|Any CPU
		{A199CA44-FAC4-4F3E-AC22-5EEE4458522F}.Debug|Any CPU.Build.0 = Debug|Any CPU
		{A199CA44-FAC4-4F3E-AC22-5EEE4458522F}.Release|Any CPU.ActiveCfg = Release|Any CPU
		{A199CA44-FAC4-4F3E-AC22-5EEE4458522F}.Release|Any CPU.Build.0 = Release|Any CPU
		{3132A452-029B-45FC-9CB6-C54FC6B642B8}.Debug|Any CPU.ActiveCfg = Debug|Any CPU
		{3132A452-029B-45FC-9CB6-C54FC6B642B8}.Debug|Any CPU.Build.0 = Debug|Any CPU
		{3132A452-029B-45FC-9CB6-C54FC6B642B8}.Release|Any CPU.ActiveCfg = Release|Any CPU
		{3132A452-029B-45FC-9CB6-C54FC6B642B8}.Release|Any CPU.Build.0 = Release|Any CPU
		{ECFA6EFF-7B5A-461C-BBE9-68289A36DAEB}.Debug|Any CPU.ActiveCfg = Debug|Any CPU
		{ECFA6EFF-7B5A-461C-BBE9-68289A36DAEB}.Debug|Any CPU.Build.0 = Debug|Any CPU
		{ECFA6EFF-7B5A-461C-BBE9-68289A36DAEB}.Release|Any CPU.ActiveCfg = Release|Any CPU
		{ECFA6EFF-7B5A-461C-BBE9-68289A36DAEB}.Release|Any CPU.Build.0 = Release|Any CPU
		{0AF4F981-AB8B-4A9B-AC0D-D2679CB53662}.Debug|Any CPU.ActiveCfg = Debug|Any CPU
		{0AF4F981-AB8B-4A9B-AC0D-D2679CB53662}.Debug|Any CPU.Build.0 = Debug|Any CPU
		{0AF4F981-AB8B-4A9B-AC0D-D2679CB53662}.Release|Any CPU.ActiveCfg = Release|Any CPU
		{0AF4F981-AB8B-4A9B-AC0D-D2679CB53662}.Release|Any CPU.Build.0 = Release|Any CPU
		{173B98B7-7257-4EE2-AD35-EEB3406E717E}.Debug|Any CPU.ActiveCfg = Debug|Any CPU
		{173B98B7-7257-4EE2-AD35-EEB3406E717E}.Debug|Any CPU.Build.0 = Debug|Any CPU
		{173B98B7-7257-4EE2-AD35-EEB3406E717E}.Release|Any CPU.ActiveCfg = Release|Any CPU
		{173B98B7-7257-4EE2-AD35-EEB3406E717E}.Release|Any CPU.Build.0 = Release|Any CPU
		{8D4D8A8D-4A8D-4DAB-AE75-4D9A935DF66E}.Debug|Any CPU.ActiveCfg = Debug|Any CPU
		{8D4D8A8D-4A8D-4DAB-AE75-4D9A935DF66E}.Debug|Any CPU.Build.0 = Debug|Any CPU
		{8D4D8A8D-4A8D-4DAB-AE75-4D9A935DF66E}.Release|Any CPU.ActiveCfg = Release|Any CPU
		{8D4D8A8D-4A8D-4DAB-AE75-4D9A935DF66E}.Release|Any CPU.Build.0 = Release|Any CPU
		{367C67E7-0D17-4F65-ABFD-2083A1115B39}.Debug|Any CPU.ActiveCfg = Debug|Any CPU
		{367C67E7-0D17-4F65-ABFD-2083A1115B39}.Debug|Any CPU.Build.0 = Debug|Any CPU
		{367C67E7-0D17-4F65-ABFD-2083A1115B39}.Release|Any CPU.ActiveCfg = Release|Any CPU
		{367C67E7-0D17-4F65-ABFD-2083A1115B39}.Release|Any CPU.Build.0 = Release|Any CPU
		{3F37D363-2E99-47C3-843B-14BFF9B6CDB4}.Debug|Any CPU.ActiveCfg = Debug|Any CPU
		{3F37D363-2E99-47C3-843B-14BFF9B6CDB4}.Debug|Any CPU.Build.0 = Debug|Any CPU
		{3F37D363-2E99-47C3-843B-14BFF9B6CDB4}.Release|Any CPU.ActiveCfg = Release|Any CPU
		{3F37D363-2E99-47C3-843B-14BFF9B6CDB4}.Release|Any CPU.Build.0 = Release|Any CPU
		{469AA8C1-8237-4F00-AF4A-73BBD90F6C84}.Debug|Any CPU.ActiveCfg = Debug|Any CPU
		{469AA8C1-8237-4F00-AF4A-73BBD90F6C84}.Debug|Any CPU.Build.0 = Debug|Any CPU
		{469AA8C1-8237-4F00-AF4A-73BBD90F6C84}.Release|Any CPU.ActiveCfg = Release|Any CPU
		{469AA8C1-8237-4F00-AF4A-73BBD90F6C84}.Release|Any CPU.Build.0 = Release|Any CPU
		{20A48074-2024-4F29-A3C6-BAAD3D32F7D6}.Debug|Any CPU.ActiveCfg = Debug|Any CPU
		{20A48074-2024-4F29-A3C6-BAAD3D32F7D6}.Debug|Any CPU.Build.0 = Debug|Any CPU
		{20A48074-2024-4F29-A3C6-BAAD3D32F7D6}.Release|Any CPU.ActiveCfg = Release|Any CPU
		{20A48074-2024-4F29-A3C6-BAAD3D32F7D6}.Release|Any CPU.Build.0 = Release|Any CPU
		{4206365B-93E8-4EA8-AA14-D344B1A225B3}.Debug|Any CPU.ActiveCfg = Debug|Any CPU
		{4206365B-93E8-4EA8-AA14-D344B1A225B3}.Debug|Any CPU.Build.0 = Debug|Any CPU
		{4206365B-93E8-4EA8-AA14-D344B1A225B3}.Release|Any CPU.ActiveCfg = Release|Any CPU
		{4206365B-93E8-4EA8-AA14-D344B1A225B3}.Release|Any CPU.Build.0 = Release|Any CPU
		{9A18F8ED-288B-4B26-B690-6368C835312D}.Debug|Any CPU.ActiveCfg = Debug|Any CPU
		{9A18F8ED-288B-4B26-B690-6368C835312D}.Debug|Any CPU.Build.0 = Debug|Any CPU
		{9A18F8ED-288B-4B26-B690-6368C835312D}.Release|Any CPU.ActiveCfg = Release|Any CPU
		{9A18F8ED-288B-4B26-B690-6368C835312D}.Release|Any CPU.Build.0 = Release|Any CPU
		{C4293BD4-5FE5-4F4D-BAAF-6B6CE99C590D}.Debug|Any CPU.ActiveCfg = Debug|Any CPU
		{C4293BD4-5FE5-4F4D-BAAF-6B6CE99C590D}.Debug|Any CPU.Build.0 = Debug|Any CPU
		{C4293BD4-5FE5-4F4D-BAAF-6B6CE99C590D}.Release|Any CPU.ActiveCfg = Release|Any CPU
		{C4293BD4-5FE5-4F4D-BAAF-6B6CE99C590D}.Release|Any CPU.Build.0 = Release|Any CPU
	EndGlobalSection
	GlobalSection(SolutionProperties) = preSolution
		HideSolutionNode = FALSE
	EndGlobalSection
	GlobalSection(NestedProjects) = preSolution
		{D572CC0F-3AD9-4252-B3C2-62B723605418} = {F56BE463-B1AB-4AC0-8A0B-E9FAA7FDD2ED}
		{16FE4647-898A-486C-998A-755606AC66EB} = {F56BE463-B1AB-4AC0-8A0B-E9FAA7FDD2ED}
		{D86C5E22-645C-419D-80BE-2D6BD627C150} = {16FE4647-898A-486C-998A-755606AC66EB}
		{1B0CE5FD-148A-4EA8-9A83-821A0E2B7EE3} = {F56BE463-B1AB-4AC0-8A0B-E9FAA7FDD2ED}
		{73C04BAE-232F-46FE-AB4C-C701C23C03A1} = {1B0CE5FD-148A-4EA8-9A83-821A0E2B7EE3}
		{14D024F5-0EB3-494F-B9A3-69BD30F4A92D} = {1B0CE5FD-148A-4EA8-9A83-821A0E2B7EE3}
		{05EA9499-398A-411D-86E2-F834E2500681} = {B8773247-6519-48FC-81D2-E2BC51BEA6FD}
		{68D602BB-9477-41FE-BA92-D2BE5A5E199C} = {3F6EF2E7-C927-47A4-B5CE-51C086F87402}
		{0E4EC203-6ECB-4E52-83DA-B3612114226F} = {71A1F002-6B30-4064-B575-AF081D142F6C}
		{2F47DADB-A153-4365-9208-287758A3FB48} = {0DCA0305-33CB-472B-983C-E7D99792F42C}
		{3B89C862-4B71-4E90-A905-72180B23788B} = {0DCA0305-33CB-472B-983C-E7D99792F42C}
		{A199CA44-FAC4-4F3E-AC22-5EEE4458522F} = {B8773247-6519-48FC-81D2-E2BC51BEA6FD}
		{3132A452-029B-45FC-9CB6-C54FC6B642B8} = {3F6EF2E7-C927-47A4-B5CE-51C086F87402}
		{ECFA6EFF-7B5A-461C-BBE9-68289A36DAEB} = {D572CC0F-3AD9-4252-B3C2-62B723605418}
		{0AF4F981-AB8B-4A9B-AC0D-D2679CB53662} = {0DCA0305-33CB-472B-983C-E7D99792F42C}
		{8D4D8A8D-4A8D-4DAB-AE75-4D9A935DF66E} = {9BA2D8AA-3DBD-4501-A3C3-1C5E41A10EF0}
		{367C67E7-0D17-4F65-ABFD-2083A1115B39} = {9BA2D8AA-3DBD-4501-A3C3-1C5E41A10EF0}
		{4206365B-93E8-4EA8-AA14-D344B1A225B3} = {9488D448-DC2D-46B5-ABF0-40DDB9B18573}
		{9A18F8ED-288B-4B26-B690-6368C835312D} = {9488D448-DC2D-46B5-ABF0-40DDB9B18573}
		{C4293BD4-5FE5-4F4D-BAAF-6B6CE99C590D} = {9488D448-DC2D-46B5-ABF0-40DDB9B18573}
	EndGlobalSection
	GlobalSection(ExtensibilityGlobals) = postSolution
		SolutionGuid = {7BCD50D8-20E5-48F7-9ECE-8A62B511B387}
	EndGlobalSection
EndGlobal
